
Microsoft Visual Studio Solution File, Format Version 12.00
# Visual Studio Version 16
VisualStudioVersion = 16.0.29806.167
MinimumVisualStudioVersion = 10.0.40219.1
Project("{8BC9CEB8-8B4A-11D0-8D11-00A0C91BC942}") = "AS2", "AS2.vcxproj", "{ECC381C9-A179-423A-BD02-E3C13118454E}"
EndProject
Global
	GlobalSection(SolutionConfigurationPlatforms) = preSolution
		Debug|x64 = Debug|x64
		Debug|x86 = Debug|x86
		Release|x64 = Release|x64
		Release|x86 = Release|x86
	EndGlobalSection
	GlobalSection(ProjectConfigurationPlatforms) = postSolution
		{ECC381C9-A179-423A-BD02-E3C13118454E}.Debug|x64.ActiveCfg = Debug|x64
		{ECC381C9-A179-423A-BD02-E3C13118454E}.Debug|x64.Build.0 = Debug|x64
		{ECC381C9-A179-423A-BD02-E3C13118454E}.Debug|x86.ActiveCfg = Debug|Win32
		{ECC381C9-A179-423A-BD02-E3C13118454E}.Debug|x86.Build.0 = Debug|Win32
		{ECC381C9-A179-423A-BD02-E3C13118454E}.Release|x64.ActiveCfg = Release|x64
		{ECC381C9-A179-423A-BD02-E3C13118454E}.Release|x64.Build.0 = Release|x64
		{ECC381C9-A179-423A-BD02-E3C13118454E}.Release|x86.ActiveCfg = Release|Win32
		{ECC381C9-A179-423A-BD02-E3C13118454E}.Release|x86.Build.0 = Release|Win32
	EndGlobalSection
	GlobalSection(SolutionProperties) = preSolution
		HideSolutionNode = FALSE
	EndGlobalSection
	GlobalSection(ExtensibilityGlobals) = postSolution
		SolutionGuid = {05180AD5-0E68-4FB0-892F-84D46EFD9FD1}
	EndGlobalSection
EndGlobal
